
Microsoft Visual Studio Solution File, Format Version 12.00
# Visual Studio Version 16
VisualStudioVersion = 16.0.29324.140
MinimumVisualStudioVersion = 10.0.40219.1
Project("{9A19103F-16F7-4668-BE54-9A1E7A4F7556}") = "WebServer", "WebServer\WebServer.csproj", "{857C319B-F2AA-4314-ABE0-88DA98E7FB8E}"
EndProject
Project("{9A19103F-16F7-4668-BE54-9A1E7A4F7556}") = "WebServer.Tests", "WebServer.Tests\WebServer.Tests.csproj", "{2262B1C7-86D3-4D45-A350-A642C3873C6C}"
EndProject
Global
	GlobalSection(SolutionConfigurationPlatforms) = preSolution
		Debug|Any CPU = Debug|Any CPU
		Release|Any CPU = Release|Any CPU
	EndGlobalSection
	GlobalSection(ProjectConfigurationPlatforms) = postSolution
		{857C319B-F2AA-4314-ABE0-88DA98E7FB8E}.Debug|Any CPU.ActiveCfg = Debug|Any CPU
		{857C319B-F2AA-4314-ABE0-88DA98E7FB8E}.Debug|Any CPU.Build.0 = Debug|Any CPU
		{857C319B-F2AA-4314-ABE0-88DA98E7FB8E}.Release|Any CPU.ActiveCfg = Release|Any CPU
		{857C319B-F2AA-4314-ABE0-88DA98E7FB8E}.Release|Any CPU.Build.0 = Release|Any CPU
		{2262B1C7-86D3-4D45-A350-A642C3873C6C}.Debug|Any CPU.ActiveCfg = Debug|Any CPU
		{2262B1C7-86D3-4D45-A350-A642C3873C6C}.Debug|Any CPU.Build.0 = Debug|Any CPU
		{2262B1C7-86D3-4D45-A350-A642C3873C6C}.Release|Any CPU.ActiveCfg = Release|Any CPU
		{2262B1C7-86D3-4D45-A350-A642C3873C6C}.Release|Any CPU.Build.0 = Release|Any CPU
	EndGlobalSection
	GlobalSection(SolutionProperties) = preSolution
		HideSolutionNode = FALSE
	EndGlobalSection
	GlobalSection(ExtensibilityGlobals) = postSolution
		SolutionGuid = {B1B4966F-00BE-49B8-BE0E-43B51EBDEA8A}
	EndGlobalSection
EndGlobal
